
Microsoft Visual Studio Solution File, Format Version 12.00
# Visual Studio 2017
Project("{FAE04EC0-301F-11D3-BF4B-00C04F79EFBC}") = "Shader Learning", "Shader Learning.csproj", "{FC52C65D-921D-B9A7-28A4-D50D180DE5E5}"
EndProject
Project("{FAE04EC0-301F-11D3-BF4B-00C04F79EFBC}") = "Shader Learning.Editor", "Shader Learning.Editor.csproj", "{DC5925DB-DA86-9365-C3DA-8D75B57FF3CC}"
EndProject
Global
	GlobalSection(SolutionConfigurationPlatforms) = preSolution
		Debug|Any CPU = Debug|Any CPU
		Release|Any CPU = Release|Any CPU
	EndGlobalSection
	GlobalSection(ProjectConfigurationPlatforms) = postSolution
		{FC52C65D-921D-B9A7-28A4-D50D180DE5E5}.Debug|Any CPU.ActiveCfg = Debug|Any CPU
		{FC52C65D-921D-B9A7-28A4-D50D180DE5E5}.Debug|Any CPU.Build.0 = Debug|Any CPU
		{FC52C65D-921D-B9A7-28A4-D50D180DE5E5}.Release|Any CPU.ActiveCfg = Release|Any CPU
		{FC52C65D-921D-B9A7-28A4-D50D180DE5E5}.Release|Any CPU.Build.0 = Release|Any CPU
		{DC5925DB-DA86-9365-C3DA-8D75B57FF3CC}.Debug|Any CPU.ActiveCfg = Debug|Any CPU
		{DC5925DB-DA86-9365-C3DA-8D75B57FF3CC}.Debug|Any CPU.Build.0 = Debug|Any CPU
		{DC5925DB-DA86-9365-C3DA-8D75B57FF3CC}.Release|Any CPU.ActiveCfg = Release|Any CPU
		{DC5925DB-DA86-9365-C3DA-8D75B57FF3CC}.Release|Any CPU.Build.0 = Release|Any CPU
	EndGlobalSection
	GlobalSection(SolutionProperties) = preSolution
		HideSolutionNode = FALSE
	EndGlobalSection
EndGlobal
